{
  "requires": true,
  "lockfileVersion": 1,
  "dependencies": {
    "react-paystack": {
      "version": "3.0.0",
      "resolved": "https://registry.npmjs.org/react-paystack/-/react-paystack-3.0.0.tgz",
      "integrity": "sha512-5m9BV8KQd8adKunrJsVJuoROBlsIzajr3k9qWL4y5eEz4UQAgtanBAktkOOMeOGCLJ7Ub46VyVjVSy7wPOzFWg=="
    }
  }
}
